{
  "nodes": {
    "darwin": {
      "inputs": {
        "nixpkgs": [
          "nixpkgs-darwin"
        ]
      },
      "locked": {
        "lastModified": 1767634391,
        "narHash": "sha256-owcSz2ICqTSvhBbhPP+1eWzi88e54rRZtfCNE5E/wwg=",
        "owner": "lnl7",
        "repo": "nix-darwin",
        "rev": "08585aacc3d6d6c280a02da195fdbd4b9cf083c2",
        "type": "github"
      },
      "original": {
        "owner": "lnl7",
        "ref": "nix-darwin-25.11",
        "repo": "nix-darwin",
        "type": "github"
      }
    },
    "nixpkgs": {
      "locked": {
        "lastModified": 1742546557,
        "narHash": "sha256-QyhimDBaDBtMfRc7kyL28vo+HTwXRPq3hz+BgSJDotw=",
        "owner": "NixOS",
        "repo": "nixpkgs",
        "rev": "bfa9810ff7104a17555ab68ebdeafb6705f129b1",
        "type": "github"
      },
      "original": {
        "id": "nixpkgs",
        "type": "indirect"
      }
    },
    "nixpkgs-darwin": {
      "locked": {
        "lastModified": 1767962478,
        "narHash": "sha256-7ywwapHmJ2/dtP0j1t9fV9KQc+byL9W9X9oG3aDS4qg=",
        "owner": "nixos",
        "repo": "nixpkgs",
        "rev": "35588f29848c57ea8ac86699278d2a410dab0adb",
        "type": "github"
      },
      "original": {
        "owner": "nixos",
        "ref": "nixpkgs-25.11-darwin",
        "repo": "nixpkgs",
        "type": "github"
      }
    },
    "root": {
      "inputs": {
        "darwin": "darwin",
        "nixpkgs": "nixpkgs",
        "nixpkgs-darwin": "nixpkgs-darwin"
      }
    }
  },
  "root": "root",
  "version": 7
}
